<?xml version="1.0" encoding="utf-8"?>
<Project ToolsVersion="4.0" xmlns="http://schemas.microsoft.com/developer/msbuild/2003">
  <ItemGroup>
    <Text Include="ReadMe.txt" />
  </ItemGroup>
  <ItemGroup>
    <Filter Include="amx">
      <UniqueIdentifier>{e879c8a6-f917-4736-a9fd-3edfc5dbd16a}</UniqueIdentifier>
    </Filter>
    <Filter Include="samp">
      <UniqueIdentifier>{6538c7fd-edba-4e68-a2a6-72db02471745}</UniqueIdentifier>
    </Filter>
  </ItemGroup>
  <ItemGroup>
    <ClInclude Include="amx\amx.h">
      <Filter>amx</Filter>
    </ClInclude>
    <ClInclude Include="amx\getch.h">
      <Filter>amx</Filter>
    </ClInclude>
    <ClInclude Include="amx\sclinux.h">
      <Filter>amx</Filter>
    </ClInclude>
    <ClInclude Include="samp\plugincommon.h">
      <Filter>samp</Filter>
    </ClInclude>
    <ClInclude Include="samp\samp_amx.h">
      <Filter>samp</Filter>
    </ClInclude>
  </ItemGroup>
  <ItemGroup>
    <ClCompile Include="amxplugin.c" />
  </ItemGroup>
</Project>